
Microsoft Visual Studio Solution File, Format Version 12.00
# Visual Studio Version 17
VisualStudioVersion = 17.12.35527.113
MinimumVisualStudioVersion = 10.0.40219.1
Project("{FAE04EC0-301F-11D3-BF4B-00C04F79EFBC}") = "ModularMonolithDoctor.Startup", "ModularMonolithDoctor.Startup\ModularMonolithDoctor.Startup.csproj", "{0D74BD3D-C662-4686-AE76-5FBC0F281FB8}"
EndProject
Project("{2150E333-8FDC-42A3-9474-1A3956D46DE8}") = "Modules", "Modules", "{22DDC8AF-F5E4-4B24-97CD-4D8C622B04D5}"
EndProject
Project("{2150E333-8FDC-42A3-9474-1A3956D46DE8}") = "DoctorAvailability", "DoctorAvailability", "{6A145B6C-DA10-419D-B921-33D3E8E03AEF}"
EndProject
Project("{2150E333-8FDC-42A3-9474-1A3956D46DE8}") = "AppointmentBooking", "AppointmentBooking", "{34073943-CCFE-4F81-9AD3-D06612802B52}"
EndProject
Project("{2150E333-8FDC-42A3-9474-1A3956D46DE8}") = "AppointmentConfirmation", "AppointmentConfirmation", "{873C9D3B-DF45-4127-89D9-3B636F451375}"
EndProject
Project("{2150E333-8FDC-42A3-9474-1A3956D46DE8}") = "DoctorAppointmentManagement", "DoctorAppointmentManagement", "{4389CEF8-E8B5-4A6B-83F8-2C6FE16371E4}"
EndProject
Project("{FAE04EC0-301F-11D3-BF4B-00C04F79EFBC}") = "DoctorAvailability.API", "Modules\DoctorAvailability\DoctorAvailability.API\DoctorAvailability.API.csproj", "{957968B8-D0E1-4A68-BB74-40463C23F6CF}"
EndProject
Project("{FAE04EC0-301F-11D3-BF4B-00C04F79EFBC}") = "DoctorAppointmentManagement.API", "Modules\DoctorAppointmentManagement\DoctorAppointmentManagement.API\DoctorAppointmentManagement.API.csproj", "{B779695C-FA0E-4E2E-8147-19A0985D77AA}"
EndProject
Project("{FAE04EC0-301F-11D3-BF4B-00C04F79EFBC}") = "AppointmentBooking.API", "Modules\AppointmentBooking\AppointmentBooking.API\AppointmentBooking.API.csproj", "{727E545B-1DB8-4908-A6F5-180D912BAE19}"
EndProject
Project("{FAE04EC0-301F-11D3-BF4B-00C04F79EFBC}") = "AppointmentConfirmation.API", "Modules\AppointmentConfirmation\AppointmentConfirmation.API\AppointmentConfirmation.API.csproj", "{481A7202-4106-4421-98C9-97D1F9891597}"
EndProject
Project("{2150E333-8FDC-42A3-9474-1A3956D46DE8}") = "Shared", "Shared", "{6628687B-4906-42C6-B817-1B9ADDBB39FC}"
EndProject
Project("{FAE04EC0-301F-11D3-BF4B-00C04F79EFBC}") = "DoctorAvailability.Business", "Modules\DoctorAvailability\DoctorAvailability.Business\DoctorAvailability.Business.csproj", "{62034660-9442-4B1B-93D4-D874240F2060}"
EndProject
Project("{FAE04EC0-301F-11D3-BF4B-00C04F79EFBC}") = "DoctorAvailability.Data", "Modules\DoctorAvailability\DoctorAvailability.Data\DoctorAvailability.Data.csproj", "{A0741FA4-0D1F-4B3C-BCCB-1CCA3CF31598}"
EndProject
Project("{2150E333-8FDC-42A3-9474-1A3956D46DE8}") = "Tests", "Tests", "{F944DF0D-0A6A-431A-90E0-06B8ABF8E632}"
EndProject
Project("{2150E333-8FDC-42A3-9474-1A3956D46DE8}") = "Solution Items", "Solution Items", "{6D6C8B81-23A9-42DF-9C68-1BC9736D0158}"
	ProjectSection(SolutionItems) = preProject
		README.md = README.md
	EndProjectSection
EndProject
Project("{FAE04EC0-301F-11D3-BF4B-00C04F79EFBC}") = "AppointmentBooking.Application", "Modules\AppointmentBooking\AppointmentBooking.Application\AppointmentBooking.Application.csproj", "{E8D30585-A828-4306-BD9F-AF0506E97C2D}"
EndProject
Project("{FAE04EC0-301F-11D3-BF4B-00C04F79EFBC}") = "AppointmentBooking.Domain", "Modules\AppointmentBooking\AppointmentBooking.Domain\AppointmentBooking.Domain.csproj", "{EC6B03A0-BE1F-47B0-B264-3E4FD492E098}"
EndProject
Project("{FAE04EC0-301F-11D3-BF4B-00C04F79EFBC}") = "AppointmentBooking.Infrastructure", "Modules\AppointmentBooking\AppointmentBooking.Infrastructure\AppointmentBooking.Infrastructure.csproj", "{3DB47AD3-C36B-4DF4-AFD7-65B505F1CBDD}"
EndProject
Project("{FAE04EC0-301F-11D3-BF4B-00C04F79EFBC}") = "In-MemoryDB", "Modules\Shared\In-MemoryDB\In-MemoryDB.csproj", "{D3B2E258-E493-4029-8BA2-3D1642FE1C88}"
EndProject
Global
	GlobalSection(SolutionConfigurationPlatforms) = preSolution
		Debug|Any CPU = Debug|Any CPU
		Release|Any CPU = Release|Any CPU
	EndGlobalSection
	GlobalSection(ProjectConfigurationPlatforms) = postSolution
		{0D74BD3D-C662-4686-AE76-5FBC0F281FB8}.Debug|Any CPU.ActiveCfg = Debug|Any CPU
		{0D74BD3D-C662-4686-AE76-5FBC0F281FB8}.Debug|Any CPU.Build.0 = Debug|Any CPU
		{0D74BD3D-C662-4686-AE76-5FBC0F281FB8}.Release|Any CPU.ActiveCfg = Release|Any CPU
		{0D74BD3D-C662-4686-AE76-5FBC0F281FB8}.Release|Any CPU.Build.0 = Release|Any CPU
		{957968B8-D0E1-4A68-BB74-40463C23F6CF}.Debug|Any CPU.ActiveCfg = Debug|Any CPU
		{957968B8-D0E1-4A68-BB74-40463C23F6CF}.Debug|Any CPU.Build.0 = Debug|Any CPU
		{957968B8-D0E1-4A68-BB74-40463C23F6CF}.Release|Any CPU.ActiveCfg = Release|Any CPU
		{957968B8-D0E1-4A68-BB74-40463C23F6CF}.Release|Any CPU.Build.0 = Release|Any CPU
		{B779695C-FA0E-4E2E-8147-19A0985D77AA}.Debug|Any CPU.ActiveCfg = Debug|Any CPU
		{B779695C-FA0E-4E2E-8147-19A0985D77AA}.Debug|Any CPU.Build.0 = Debug|Any CPU
		{B779695C-FA0E-4E2E-8147-19A0985D77AA}.Release|Any CPU.ActiveCfg = Release|Any CPU
		{B779695C-FA0E-4E2E-8147-19A0985D77AA}.Release|Any CPU.Build.0 = Release|Any CPU
		{727E545B-1DB8-4908-A6F5-180D912BAE19}.Debug|Any CPU.ActiveCfg = Debug|Any CPU
		{727E545B-1DB8-4908-A6F5-180D912BAE19}.Debug|Any CPU.Build.0 = Debug|Any CPU
		{727E545B-1DB8-4908-A6F5-180D912BAE19}.Release|Any CPU.ActiveCfg = Release|Any CPU
		{727E545B-1DB8-4908-A6F5-180D912BAE19}.Release|Any CPU.Build.0 = Release|Any CPU
		{481A7202-4106-4421-98C9-97D1F9891597}.Debug|Any CPU.ActiveCfg = Debug|Any CPU
		{481A7202-4106-4421-98C9-97D1F9891597}.Debug|Any CPU.Build.0 = Debug|Any CPU
		{481A7202-4106-4421-98C9-97D1F9891597}.Release|Any CPU.ActiveCfg = Release|Any CPU
		{481A7202-4106-4421-98C9-97D1F9891597}.Release|Any CPU.Build.0 = Release|Any CPU
		{62034660-9442-4B1B-93D4-D874240F2060}.Debug|Any CPU.ActiveCfg = Debug|Any CPU
		{62034660-9442-4B1B-93D4-D874240F2060}.Debug|Any CPU.Build.0 = Debug|Any CPU
		{62034660-9442-4B1B-93D4-D874240F2060}.Release|Any CPU.ActiveCfg = Release|Any CPU
		{62034660-9442-4B1B-93D4-D874240F2060}.Release|Any CPU.Build.0 = Release|Any CPU
		{A0741FA4-0D1F-4B3C-BCCB-1CCA3CF31598}.Debug|Any CPU.ActiveCfg = Debug|Any CPU
		{A0741FA4-0D1F-4B3C-BCCB-1CCA3CF31598}.Debug|Any CPU.Build.0 = Debug|Any CPU
		{A0741FA4-0D1F-4B3C-BCCB-1CCA3CF31598}.Release|Any CPU.ActiveCfg = Release|Any CPU
		{A0741FA4-0D1F-4B3C-BCCB-1CCA3CF31598}.Release|Any CPU.Build.0 = Release|Any CPU
		{E8D30585-A828-4306-BD9F-AF0506E97C2D}.Debug|Any CPU.ActiveCfg = Debug|Any CPU
		{E8D30585-A828-4306-BD9F-AF0506E97C2D}.Debug|Any CPU.Build.0 = Debug|Any CPU
		{E8D30585-A828-4306-BD9F-AF0506E97C2D}.Release|Any CPU.ActiveCfg = Release|Any CPU
		{E8D30585-A828-4306-BD9F-AF0506E97C2D}.Release|Any CPU.Build.0 = Release|Any CPU
		{EC6B03A0-BE1F-47B0-B264-3E4FD492E098}.Debug|Any CPU.ActiveCfg = Debug|Any CPU
		{EC6B03A0-BE1F-47B0-B264-3E4FD492E098}.Debug|Any CPU.Build.0 = Debug|Any CPU
		{EC6B03A0-BE1F-47B0-B264-3E4FD492E098}.Release|Any CPU.ActiveCfg = Release|Any CPU
		{EC6B03A0-BE1F-47B0-B264-3E4FD492E098}.Release|Any CPU.Build.0 = Release|Any CPU
		{3DB47AD3-C36B-4DF4-AFD7-65B505F1CBDD}.Debug|Any CPU.ActiveCfg = Debug|Any CPU
		{3DB47AD3-C36B-4DF4-AFD7-65B505F1CBDD}.Debug|Any CPU.Build.0 = Debug|Any CPU
		{3DB47AD3-C36B-4DF4-AFD7-65B505F1CBDD}.Release|Any CPU.ActiveCfg = Release|Any CPU
		{3DB47AD3-C36B-4DF4-AFD7-65B505F1CBDD}.Release|Any CPU.Build.0 = Release|Any CPU
		{D3B2E258-E493-4029-8BA2-3D1642FE1C88}.Debug|Any CPU.ActiveCfg = Debug|Any CPU
		{D3B2E258-E493-4029-8BA2-3D1642FE1C88}.Debug|Any CPU.Build.0 = Debug|Any CPU
		{D3B2E258-E493-4029-8BA2-3D1642FE1C88}.Release|Any CPU.ActiveCfg = Release|Any CPU
		{D3B2E258-E493-4029-8BA2-3D1642FE1C88}.Release|Any CPU.Build.0 = Release|Any CPU
	EndGlobalSection
	GlobalSection(SolutionProperties) = preSolution
		HideSolutionNode = FALSE
	EndGlobalSection
	GlobalSection(NestedProjects) = preSolution
		{6A145B6C-DA10-419D-B921-33D3E8E03AEF} = {22DDC8AF-F5E4-4B24-97CD-4D8C622B04D5}
		{34073943-CCFE-4F81-9AD3-D06612802B52} = {22DDC8AF-F5E4-4B24-97CD-4D8C622B04D5}
		{873C9D3B-DF45-4127-89D9-3B636F451375} = {22DDC8AF-F5E4-4B24-97CD-4D8C622B04D5}
		{4389CEF8-E8B5-4A6B-83F8-2C6FE16371E4} = {22DDC8AF-F5E4-4B24-97CD-4D8C622B04D5}
		{957968B8-D0E1-4A68-BB74-40463C23F6CF} = {6A145B6C-DA10-419D-B921-33D3E8E03AEF}
		{B779695C-FA0E-4E2E-8147-19A0985D77AA} = {4389CEF8-E8B5-4A6B-83F8-2C6FE16371E4}
		{727E545B-1DB8-4908-A6F5-180D912BAE19} = {34073943-CCFE-4F81-9AD3-D06612802B52}
		{481A7202-4106-4421-98C9-97D1F9891597} = {873C9D3B-DF45-4127-89D9-3B636F451375}
		{6628687B-4906-42C6-B817-1B9ADDBB39FC} = {22DDC8AF-F5E4-4B24-97CD-4D8C622B04D5}
		{62034660-9442-4B1B-93D4-D874240F2060} = {6A145B6C-DA10-419D-B921-33D3E8E03AEF}
		{A0741FA4-0D1F-4B3C-BCCB-1CCA3CF31598} = {6A145B6C-DA10-419D-B921-33D3E8E03AEF}
		{E8D30585-A828-4306-BD9F-AF0506E97C2D} = {34073943-CCFE-4F81-9AD3-D06612802B52}
		{EC6B03A0-BE1F-47B0-B264-3E4FD492E098} = {34073943-CCFE-4F81-9AD3-D06612802B52}
		{3DB47AD3-C36B-4DF4-AFD7-65B505F1CBDD} = {34073943-CCFE-4F81-9AD3-D06612802B52}
		{D3B2E258-E493-4029-8BA2-3D1642FE1C88} = {6628687B-4906-42C6-B817-1B9ADDBB39FC}
	EndGlobalSection
EndGlobal
